
Microsoft Visual Studio Solution File, Format Version 12.00
# Visual Studio Version 17
VisualStudioVersion = 17.2.32602.215
MinimumVisualStudioVersion = 10.0.40219.1
Project("{2150E333-8FDC-42A3-9474-1A3956D46DE8}") = "src", "src", "{3B72E60D-FE4D-4CD1-A1A6-85682DD86CEC}"
EndProject
Project("{FAE04EC0-301F-11D3-BF4B-00C04F79EFBC}") = "POC.ScannerWIA", "src\POC.ScannerWIA\POC.ScannerWIA.csproj", "{CEEE1FCC-A520-4E2F-B15F-5D844183F7EF}"
EndProject
Project("{2150E333-8FDC-42A3-9474-1A3956D46DE8}") = "#solution-items", "#solution-items", "{F3FB1FD5-A128-4DA6-A0E0-72A0E08C329F}"
	ProjectSection(SolutionItems) = preProject
		.editorconfig = .editorconfig
		.gitignore = .gitignore
		LICENSE = LICENSE
		README.md = README.md
	EndProjectSection
EndProject
Global
	GlobalSection(SolutionConfigurationPlatforms) = preSolution
		Debug|Any CPU = Debug|Any CPU
		Release|Any CPU = Release|Any CPU
	EndGlobalSection
	GlobalSection(ProjectConfigurationPlatforms) = postSolution
		{CEEE1FCC-A520-4E2F-B15F-5D844183F7EF}.Debug|Any CPU.ActiveCfg = Debug|Any CPU
		{CEEE1FCC-A520-4E2F-B15F-5D844183F7EF}.Debug|Any CPU.Build.0 = Debug|Any CPU
		{CEEE1FCC-A520-4E2F-B15F-5D844183F7EF}.Release|Any CPU.ActiveCfg = Release|Any CPU
		{CEEE1FCC-A520-4E2F-B15F-5D844183F7EF}.Release|Any CPU.Build.0 = Release|Any CPU
	EndGlobalSection
	GlobalSection(SolutionProperties) = preSolution
		HideSolutionNode = FALSE
	EndGlobalSection
	GlobalSection(NestedProjects) = preSolution
		{CEEE1FCC-A520-4E2F-B15F-5D844183F7EF} = {3B72E60D-FE4D-4CD1-A1A6-85682DD86CEC}
	EndGlobalSection
	GlobalSection(ExtensibilityGlobals) = postSolution
		SolutionGuid = {CC7CAE8F-853E-4985-A35C-2016558E9BC0}
	EndGlobalSection
EndGlobal
